{
  "pins" : [
    {
      "identity" : "waveform",
      "kind" : "remoteSourceControl",
      "location" : "https://github.com/AudioKit/Waveform.git",
      "state" : {
        "revision" : "79103e766434eb32aff9f0b169a469fce0af9ebd",
        "version" : "1.0.2"
      }
    }
  ],
  "version" : 2
}
